{
  "name": "progressive-web-application",
  "requires": true,
  "lockfileVersion": 1,
  "dependencies": {
    "pwa-rails": {
      "version": "4.0.6",
      "resolved": "https://registry.npmjs.org/pwa-rails/-/pwa-rails-4.0.6.tgz",
      "integrity": "sha512-zEwXsIB+8eP/Aj54mrNAqNvZlfIwQC/cNBPx7uaIMN/84kvCcIxXKjAYdoo6opNlZl7RmtBQn+zv7twUCNAlXA=="
    }
  }
}
