# THIS IS AN AUTOGENERATED FILE. DO NOT EDIT THIS FILE DIRECTLY.
# yarn lockfile v1


pwa-rails@^4.0.6:
  version "4.0.6"
  resolved "https://registry.yarnpkg.com/pwa-rails/-/pwa-rails-4.0.6.tgz#56c29deec2743f3d34ff38717c4b7c4194b960f1"
  integrity sha512-zEwXsIB+8eP/Aj54mrNAqNvZlfIwQC/cNBPx7uaIMN/84kvCcIxXKjAYdoo6opNlZl7RmtBQn+zv7twUCNAlXA==
